
Microsoft Visual Studio Solution File, Format Version 12.00
# Visual Studio 14
VisualStudioVersion = 14.0.25420.1
MinimumVisualStudioVersion = 10.0.40219.1
Project("{FAE04EC0-301F-11D3-BF4B-00C04F79EFBC}") = "DesafioConcreteSolution.Infrastructure", "DesafioConcreteSolution.Infrastructure\DesafioConcreteSolution.Infrastructure.csproj", "{F86C082D-DBDE-4762-8A80-17BC9825ABE9}"
EndProject
Project("{FAE04EC0-301F-11D3-BF4B-00C04F79EFBC}") = "DesafioConcreteSolution.Domain", "DesafioConcreteSolution.Domain\DesafioConcreteSolution.Domain.csproj", "{60D2AF46-B7F4-40F3-89D5-040AFB53A169}"
EndProject
Project("{FAE04EC0-301F-11D3-BF4B-00C04F79EFBC}") = "DesafioConcreteSolution.Application", "DesafioConcreteSolution.Application\DesafioConcreteSolution.Application.csproj", "{C1D6326D-50DC-46BD-A501-47D8D29318E7}"
EndProject
Project("{FAE04EC0-301F-11D3-BF4B-00C04F79EFBC}") = "DesafioConcreteSolution.API", "DesafioConcreteSolution.API\DesafioConcreteSolution.API.csproj", "{7A5ABE0C-5219-4921-BA3B-E178EF60BE50}"
EndProject
Project("{FAE04EC0-301F-11D3-BF4B-00C04F79EFBC}") = "DesafioConcreteSolution.Test", "DesafioConcreteSolution.Test\DesafioConcreteSolution.Test.csproj", "{4963A231-6216-443C-AF75-D0BF4DA95FC5}"
EndProject
Global
	GlobalSection(SolutionConfigurationPlatforms) = preSolution
		Debug|Any CPU = Debug|Any CPU
		Release|Any CPU = Release|Any CPU
	EndGlobalSection
	GlobalSection(ProjectConfigurationPlatforms) = postSolution
		{F86C082D-DBDE-4762-8A80-17BC9825ABE9}.Debug|Any CPU.ActiveCfg = Debug|Any CPU
		{F86C082D-DBDE-4762-8A80-17BC9825ABE9}.Debug|Any CPU.Build.0 = Debug|Any CPU
		{F86C082D-DBDE-4762-8A80-17BC9825ABE9}.Release|Any CPU.ActiveCfg = Release|Any CPU
		{F86C082D-DBDE-4762-8A80-17BC9825ABE9}.Release|Any CPU.Build.0 = Release|Any CPU
		{60D2AF46-B7F4-40F3-89D5-040AFB53A169}.Debug|Any CPU.ActiveCfg = Debug|Any CPU
		{60D2AF46-B7F4-40F3-89D5-040AFB53A169}.Debug|Any CPU.Build.0 = Debug|Any CPU
		{60D2AF46-B7F4-40F3-89D5-040AFB53A169}.Release|Any CPU.ActiveCfg = Release|Any CPU
		{60D2AF46-B7F4-40F3-89D5-040AFB53A169}.Release|Any CPU.Build.0 = Release|Any CPU
		{C1D6326D-50DC-46BD-A501-47D8D29318E7}.Debug|Any CPU.ActiveCfg = Debug|Any CPU
		{C1D6326D-50DC-46BD-A501-47D8D29318E7}.Debug|Any CPU.Build.0 = Debug|Any CPU
		{C1D6326D-50DC-46BD-A501-47D8D29318E7}.Release|Any CPU.ActiveCfg = Release|Any CPU
		{C1D6326D-50DC-46BD-A501-47D8D29318E7}.Release|Any CPU.Build.0 = Release|Any CPU
		{7A5ABE0C-5219-4921-BA3B-E178EF60BE50}.Debug|Any CPU.ActiveCfg = Debug|Any CPU
		{7A5ABE0C-5219-4921-BA3B-E178EF60BE50}.Debug|Any CPU.Build.0 = Debug|Any CPU
		{7A5ABE0C-5219-4921-BA3B-E178EF60BE50}.Release|Any CPU.ActiveCfg = Release|Any CPU
		{7A5ABE0C-5219-4921-BA3B-E178EF60BE50}.Release|Any CPU.Build.0 = Release|Any CPU
		{4963A231-6216-443C-AF75-D0BF4DA95FC5}.Debug|Any CPU.ActiveCfg = Debug|Any CPU
		{4963A231-6216-443C-AF75-D0BF4DA95FC5}.Debug|Any CPU.Build.0 = Debug|Any CPU
		{4963A231-6216-443C-AF75-D0BF4DA95FC5}.Release|Any CPU.ActiveCfg = Release|Any CPU
		{4963A231-6216-443C-AF75-D0BF4DA95FC5}.Release|Any CPU.Build.0 = Release|Any CPU
	EndGlobalSection
	GlobalSection(SolutionProperties) = preSolution
		HideSolutionNode = FALSE
	EndGlobalSection
	GlobalSection(ExtensibilityGlobals) = postSolution
		SolutionGuid = {69BAF541-5093-47D0-98CD-083325F261C3}
	EndGlobalSection
EndGlobal
